
Microsoft Visual Studio Solution File, Format Version 12.00
# Visual Studio Version 17
VisualStudioVersion = 17.10.35027.167
MinimumVisualStudioVersion = 10.0.40219.1
Project("{F184B08F-C81C-45F6-A57F-5ABD9991F28F}") = "InterfazQ32024", "InterfazQ32024\InterfazQ32024.vbproj", "{E9BF6435-3600-4773-9CB2-52A4ABA987F1}"
EndProject
Global
	GlobalSection(SolutionConfigurationPlatforms) = preSolution
		Debug|Any CPU = Debug|Any CPU
		Release|Any CPU = Release|Any CPU
	EndGlobalSection
	GlobalSection(ProjectConfigurationPlatforms) = postSolution
		{E9BF6435-3600-4773-9CB2-52A4ABA987F1}.Debug|Any CPU.ActiveCfg = Debug|Any CPU
		{E9BF6435-3600-4773-9CB2-52A4ABA987F1}.Debug|Any CPU.Build.0 = Debug|Any CPU
		{E9BF6435-3600-4773-9CB2-52A4ABA987F1}.Release|Any CPU.ActiveCfg = Release|Any CPU
		{E9BF6435-3600-4773-9CB2-52A4ABA987F1}.Release|Any CPU.Build.0 = Release|Any CPU
	EndGlobalSection
	GlobalSection(SolutionProperties) = preSolution
		HideSolutionNode = FALSE
	EndGlobalSection
	GlobalSection(ExtensibilityGlobals) = postSolution
		SolutionGuid = {8668C7EB-E85A-4EC1-BBDF-30D25D3A5DD4}
	EndGlobalSection
EndGlobal
